<?xml version="1.0" encoding="utf-8"?>
<Project ToolsVersion="4.0" xmlns="http://schemas.microsoft.com/developer/msbuild/2003">
  <ItemGroup>
    <Filter Include="Source Files">
      <UniqueIdentifier>{8c3d2717-2e6c-48e4-be36-338e793ea97d}</UniqueIdentifier>
      <Extensions>cpp;c;cxx;rc;def;r;odl;idl;hpj;bat</Extensions>
    </Filter>
    <Filter Include="Header Files">
      <UniqueIdentifier>{c9676b07-2e6f-4a20-8838-b44def1415ad}</UniqueIdentifier>
      <Extensions>h;hpp;hxx;hm;inl</Extensions>
    </Filter>
    <Filter Include="Resource Files">
      <UniqueIdentifier>{76432c3c-cd59-4e29-abed-42c789929fb5}</UniqueIdentifier>
      <Extensions>ico;cur;bmp;dlg;rc2;rct;bin;cnt;rtf;gif;jpg;jpeg;jpe</Extensions>
    </Filter>
  </ItemGroup>
  <ItemGroup>
    <ClCompile Include="Beams.cpp">
      <Filter>Source Files</Filter>
    </ClCompile>
    <ClCompile Include="DeltakDlg.cpp">
      <Filter>Source Files</Filter>
    </ClCompile>
    <ClCompile Include="ErgDlg.cpp">
      <Filter>Source Files</Filter>
    </ClCompile>
    <ClCompile Include="Fields.cpp">
      <Filter>Source Files</Filter>
    </ClCompile>
    <ClCompile Include="GlobVar.cpp">
      <Filter>Source Files</Filter>
    </ClCompile>
    <ClCompile Include="GraphDlg.cpp">
      <Filter>Source Files</Filter>
    </ClCompile>
    <ClCompile Include="Inputs.cpp">
      <Filter>Source Files</Filter>
    </ClCompile>
    <ClCompile Include="LensDlg.cpp">
      <Filter>Source Files</Filter>
    </ClCompile>
    <ClCompile Include="MainFrm.cpp">
      <Filter>Source Files</Filter>
    </ClCompile>
    <ClCompile Include="mix2dsp.cpp">
      <Filter>Source Files</Filter>
    </ClCompile>
    <ClCompile Include="Mix_Prog.cpp">
      <Filter>Source Files</Filter>
    </ClCompile>
    <ClCompile Include="MixDoc.cpp">
      <Filter>Source Files</Filter>
    </ClCompile>
    <ClCompile Include="mixview.cpp">
      <Filter>Source Files</Filter>
    </ClCompile>
    <ClCompile Include="Plot3dCtrl.cpp">
      <Filter>Source Files</Filter>
    </ClCompile>
    <ClCompile Include="Plot3dDoc.cpp">
      <Filter>Source Files</Filter>
    </ClCompile>
    <ClCompile Include="Plot3dDocTemplate.cpp">
      <Filter>Source Files</Filter>
    </ClCompile>
    <ClCompile Include="Plot3dFrameWnd.cpp">
      <Filter>Source Files</Filter>
    </ClCompile>
    <ClCompile Include="Plot3dView.cpp">
      <Filter>Source Files</Filter>
    </ClCompile>
    <ClCompile Include="PlotPropDlg.cpp">
      <Filter>Source Files</Filter>
    </ClCompile>
    <ClCompile Include="PlotPropTabCtrl.cpp">
      <Filter>Source Files</Filter>
    </ClCompile>
    <ClCompile Include="PropSht1.cpp">
      <Filter>Source Files</Filter>
    </ClCompile>
    <ClCompile Include="PropSht2.cpp">
      <Filter>Source Files</Filter>
    </ClCompile>
    <ClCompile Include="StdAfx.cpp">
      <Filter>Source Files</Filter>
    </ClCompile>
  </ItemGroup>
  <ItemGroup>
    <ResourceCompile Include="mix2dsp.rc">
      <Filter>Source Files</Filter>
    </ResourceCompile>
  </ItemGroup>
  <ItemGroup>
    <ClInclude Include="Beams.h">
      <Filter>Header Files</Filter>
    </ClInclude>
    <ClInclude Include="DecIncl.h">
      <Filter>Header Files</Filter>
    </ClInclude>
    <ClInclude Include="DeltakDlg.h">
      <Filter>Header Files</Filter>
    </ClInclude>
    <ClInclude Include="ErgDlg.h">
      <Filter>Header Files</Filter>
    </ClInclude>
    <ClInclude Include="Fields.h">
      <Filter>Header Files</Filter>
    </ClInclude>
    <ClInclude Include="GlobVar.h">
      <Filter>Header Files</Filter>
    </ClInclude>
    <ClInclude Include="GraphDlg.h">
      <Filter>Header Files</Filter>
    </ClInclude>
    <ClInclude Include="Inputs.h">
      <Filter>Header Files</Filter>
    </ClInclude>
    <ClInclude Include="LensDlg.h">
      <Filter>Header Files</Filter>
    </ClInclude>
    <ClInclude Include="MainFrm.h">
      <Filter>Header Files</Filter>
    </ClInclude>
    <ClInclude Include="mix2dsp.h">
      <Filter>Header Files</Filter>
    </ClInclude>
    <ClInclude Include="Mix_Prog.h">
      <Filter>Header Files</Filter>
    </ClInclude>
    <ClInclude Include="MixDoc.h">
      <Filter>Header Files</Filter>
    </ClInclude>
    <ClInclude Include="mixview.h">
      <Filter>Header Files</Filter>
    </ClInclude>
    <ClInclude Include="Nrutil.h">
      <Filter>Header Files</Filter>
    </ClInclude>
    <ClInclude Include="Plot3dCtrl.h">
      <Filter>Header Files</Filter>
    </ClInclude>
    <ClInclude Include="Plot3dDoc.h">
      <Filter>Header Files</Filter>
    </ClInclude>
    <ClInclude Include="Plot3dDocTemplate.h">
      <Filter>Header Files</Filter>
    </ClInclude>
    <ClInclude Include="Plot3dFrameWnd.h">
      <Filter>Header Files</Filter>
    </ClInclude>
    <ClInclude Include="Plot3dView.h">
      <Filter>Header Files</Filter>
    </ClInclude>
    <ClInclude Include="PlotPropDlg.h">
      <Filter>Header Files</Filter>
    </ClInclude>
    <ClInclude Include="PlotPropTabCtrl.h">
      <Filter>Header Files</Filter>
    </ClInclude>
    <ClInclude Include="PropSht1.h">
      <Filter>Header Files</Filter>
    </ClInclude>
    <ClInclude Include="PropSht2.h">
      <Filter>Header Files</Filter>
    </ClInclude>
    <ClInclude Include="Resource.h">
      <Filter>Header Files</Filter>
    </ClInclude>
    <ClInclude Include="StdAfx.h">
      <Filter>Header Files</Filter>
    </ClInclude>
  </ItemGroup>
  <ItemGroup>
    <Image Include="Res\bitmap2.bmp">
      <Filter>Resource Files</Filter>
    </Image>
    <Image Include="res\mix2dsp.ico">
      <Filter>Resource Files</Filter>
    </Image>
    <Image Include="res\mix2dspDoc.ico">
      <Filter>Resource Files</Filter>
    </Image>
    <Image Include="Res\oglctrl.bmp">
      <Filter>Resource Files</Filter>
    </Image>
    <Image Include="Res\oglplotctrl.bmp">
      <Filter>Resource Files</Filter>
    </Image>
    <Image Include="Res\plottoolbar.bmp">
      <Filter>Resource Files</Filter>
    </Image>
    <Image Include="..\..\PW2dMix\res\Toolbar.bmp">
      <Filter>Resource Files</Filter>
    </Image>
    <Image Include="res\toolbar1.bmp">
      <Filter>Resource Files</Filter>
    </Image>
    <Image Include="..\..\pw2dmix\res\toolbar1.bmp">
      <Filter>Resource Files</Filter>
    </Image>
    <Image Include="..\..\pw2dmix\res\toolbar2.bmp">
      <Filter>Resource Files</Filter>
    </Image>
    <Image Include="Res\viewcon.bmp">
      <Filter>Resource Files</Filter>
    </Image>
    <Image Include="..\..\PW2dMix\res\viewcon.bmp">
      <Filter>Resource Files</Filter>
    </Image>
  </ItemGroup>
  <ItemGroup>
    <None Include="res\mix2dsp.rc2">
      <Filter>Resource Files</Filter>
    </None>
  </ItemGroup>
  <ItemGroup>
    <Text Include="ReadMe.txt" />
  </ItemGroup>
</Project>