<?xml version="1.0" encoding="utf-8"?>
<Project ToolsVersion="4.0" xmlns="http://schemas.microsoft.com/developer/msbuild/2003">
  <ItemGroup>
    <Filter Include="Source Files">
      <UniqueIdentifier>{ed3f89cb-de1e-4888-8cf3-ca785d2a4fad}</UniqueIdentifier>
      <Extensions>cpp;c;cxx;rc;def;r;odl;idl;hpj;bat</Extensions>
    </Filter>
    <Filter Include="Header Files">
      <UniqueIdentifier>{312b178d-4016-4644-8f78-f568c7504505}</UniqueIdentifier>
      <Extensions>h;hpp;hxx;hm;inl</Extensions>
    </Filter>
    <Filter Include="Resource Files">
      <UniqueIdentifier>{9bc1a7bb-ffce-4177-8773-b8659072bd5c}</UniqueIdentifier>
      <Extensions>ico;cur;bmp;dlg;rc2;rct;bin;cnt;rtf;gif;jpg;jpeg;jpe</Extensions>
    </Filter>
  </ItemGroup>
  <ItemGroup>
    <ClCompile Include="ButtonEx.cpp">
      <Filter>Source Files</Filter>
    </ClCompile>
    <ClCompile Include="CalcInThreadBase.cpp">
      <Filter>Source Files</Filter>
    </ClCompile>
    <ClCompile Include="ClientFrm.cpp">
      <Filter>Source Files</Filter>
    </ClCompile>
    <ClCompile Include="ColorDialogEx.cpp">
      <Filter>Source Files</Filter>
    </ClCompile>
    <ClCompile Include="CommandLineInfoEx.cpp">
      <Filter>Source Files</Filter>
    </ClCompile>
    <ClCompile Include="DdxDdvSupport.cpp">
      <Filter>Source Files</Filter>
    </ClCompile>
    <ClCompile Include="DialogTts.cpp">
      <Filter>Source Files</Filter>
    </ClCompile>
    <ClCompile Include="DlgAbout.cpp">
      <Filter>Source Files</Filter>
    </ClCompile>
    <ClCompile Include="DlgFilePrintOptions.cpp">
      <Filter>Source Files</Filter>
    </ClCompile>
    <ClCompile Include="DlgListCtrl.cpp">
      <Filter>Source Files</Filter>
    </ClCompile>
    <ClCompile Include="DlgOpenGLInfo.cpp">
      <Filter>Source Files</Filter>
    </ClCompile>
    <ClCompile Include="DlgOptions.cpp">
      <Filter>Source Files</Filter>
    </ClCompile>
    <ClCompile Include="DlgProperties.cpp">
      <Filter>Source Files</Filter>
    </ClCompile>
    <ClCompile Include="DocMgrEx.cpp">
      <Filter>Source Files</Filter>
    </ClCompile>
    <ClCompile Include="FileDialogEx.cpp">
      <Filter>Source Files</Filter>
    </ClCompile>
    <ClCompile Include="FormPropertiesView.cpp">
      <Filter>Source Files</Filter>
    </ClCompile>
    <ClCompile Include="FormViewTts.cpp">
      <Filter>Source Files</Filter>
    </ClCompile>
    <ClCompile Include="General.cpp">
      <Filter>Source Files</Filter>
    </ClCompile>
    <ClCompile Include="GlDocument.cpp">
      <Filter>Source Files</Filter>
    </ClCompile>
    <ClCompile Include="GlView.cpp">
      <Filter>Source Files</Filter>
    </ClCompile>
    <ClCompile Include="GlWinApp.cpp">
      <Filter>Source Files</Filter>
    </ClCompile>
    <ClCompile Include="Helper.cpp">
      <Filter>Source Files</Filter>
    </ClCompile>
    <ClCompile Include="HyperLink.cpp">
      <Filter>Source Files</Filter>
    </ClCompile>
    <ClCompile Include="IntMatrix.cpp">
      <Filter>Source Files</Filter>
    </ClCompile>
    <ClCompile Include="ListBoxEx.cpp">
      <Filter>Source Files</Filter>
    </ClCompile>
    <ClCompile Include="ListCtrlEx.cpp">
      <Filter>Source Files</Filter>
    </ClCompile>
    <ClCompile Include="ListViewEx.cpp">
      <Filter>Source Files</Filter>
    </ClCompile>
    <ClCompile Include="MathAdd.cpp">
      <Filter>Source Files</Filter>
    </ClCompile>
    <ClCompile Include="Matrix.cpp">
      <Filter>Source Files</Filter>
    </ClCompile>
    <ClCompile Include="PropertyPageAdjust.cpp">
      <Filter>Source Files</Filter>
    </ClCompile>
    <ClCompile Include="PropertyPageTts.cpp">
      <Filter>Source Files</Filter>
    </ClCompile>
    <ClCompile Include="PropertySheetAdjust.cpp">
      <Filter>Source Files</Filter>
    </ClCompile>
    <ClCompile Include="PsRenderer.cpp">
      <Filter>Source Files</Filter>
    </ClCompile>
    <ClCompile Include="Scale.cpp">
      <Filter>Source Files</Filter>
    </ClCompile>
    <ClCompile Include="SplitterWndEx.cpp">
      <Filter>Source Files</Filter>
    </ClCompile>
    <ClCompile Include="StaticExtra.cpp">
      <Filter>Source Files</Filter>
    </ClCompile>
    <ClCompile Include="StdAfx.cpp">
      <Filter>Source Files</Filter>
    </ClCompile>
    <ClCompile Include="StringEx.cpp">
      <Filter>Source Files</Filter>
    </ClCompile>
    <ClCompile Include="TextProgressCtrl.cpp">
      <Filter>Source Files</Filter>
    </ClCompile>
    <ClCompile Include="ToolBarEx.cpp">
      <Filter>Source Files</Filter>
    </ClCompile>
    <ClCompile Include="Version.cpp">
      <Filter>Source Files</Filter>
    </ClCompile>
    <ClCompile Include="WatchInThreadBase.cpp">
      <Filter>Source Files</Filter>
    </ClCompile>
    <ClCompile Include="WatchInThreadExtra.cpp">
      <Filter>Source Files</Filter>
    </ClCompile>
    <ClCompile Include="WatchThread.cpp">
      <Filter>Source Files</Filter>
    </ClCompile>
  </ItemGroup>
  <ItemGroup>
    <ResourceCompile Include="General.rc">
      <Filter>Source Files</Filter>
    </ResourceCompile>
  </ItemGroup>
  <ItemGroup>
    <None Include="Resource.hm">
      <Filter>Header Files</Filter>
    </None>
    <None Include="res\CursorDblCross.cur">
      <Filter>Resource Files</Filter>
    </None>
    <None Include="res\CursorHand.cur">
      <Filter>Resource Files</Filter>
    </None>
    <None Include="res\General.rc2">
      <Filter>Resource Files</Filter>
    </None>
  </ItemGroup>
  <ItemGroup>
    <ClInclude Include="ButtonEx.h">
      <Filter>Header Files</Filter>
    </ClInclude>
    <ClInclude Include="CalcInThreadBase.h">
      <Filter>Header Files</Filter>
    </ClInclude>
    <ClInclude Include="ClientFrm.h">
      <Filter>Header Files</Filter>
    </ClInclude>
    <ClInclude Include="ColorDialogEx.h">
      <Filter>Header Files</Filter>
    </ClInclude>
    <ClInclude Include="CommandLineInfoEx.h">
      <Filter>Header Files</Filter>
    </ClInclude>
    <ClInclude Include="DdxDdvSupport.h">
      <Filter>Header Files</Filter>
    </ClInclude>
    <ClInclude Include="DialogTts.h">
      <Filter>Header Files</Filter>
    </ClInclude>
    <ClInclude Include="DlgAbout.h">
      <Filter>Header Files</Filter>
    </ClInclude>
    <ClInclude Include="DlgFilePrintOptions.h">
      <Filter>Header Files</Filter>
    </ClInclude>
    <ClInclude Include="DlgListCtrl.h">
      <Filter>Header Files</Filter>
    </ClInclude>
    <ClInclude Include="DlgOpenGLInfo.h">
      <Filter>Header Files</Filter>
    </ClInclude>
    <ClInclude Include="DlgOptions.h">
      <Filter>Header Files</Filter>
    </ClInclude>
    <ClInclude Include="DlgProperties.h">
      <Filter>Header Files</Filter>
    </ClInclude>
    <ClInclude Include="DocMgrEx.h">
      <Filter>Header Files</Filter>
    </ClInclude>
    <ClInclude Include="FileDialogEx.h">
      <Filter>Header Files</Filter>
    </ClInclude>
    <ClInclude Include="FormPropertiesView.h">
      <Filter>Header Files</Filter>
    </ClInclude>
    <ClInclude Include="FormViewTts.h">
      <Filter>Header Files</Filter>
    </ClInclude>
    <ClInclude Include="General.h">
      <Filter>Header Files</Filter>
    </ClInclude>
    <ClInclude Include="GlDocument.h">
      <Filter>Header Files</Filter>
    </ClInclude>
    <ClInclude Include="GlView.h">
      <Filter>Header Files</Filter>
    </ClInclude>
    <ClInclude Include="GlWinApp.h">
      <Filter>Header Files</Filter>
    </ClInclude>
    <ClInclude Include="Helper.h">
      <Filter>Header Files</Filter>
    </ClInclude>
    <ClInclude Include="HyperLink.h">
      <Filter>Header Files</Filter>
    </ClInclude>
    <ClInclude Include="IntMatrix.h">
      <Filter>Header Files</Filter>
    </ClInclude>
    <ClInclude Include="ListBoxEx.h">
      <Filter>Header Files</Filter>
    </ClInclude>
    <ClInclude Include="ListCtrlEx.h">
      <Filter>Header Files</Filter>
    </ClInclude>
    <ClInclude Include="ListViewEx.h">
      <Filter>Header Files</Filter>
    </ClInclude>
    <ClInclude Include="MathAdd.h">
      <Filter>Header Files</Filter>
    </ClInclude>
    <ClInclude Include="Matrix.h">
      <Filter>Header Files</Filter>
    </ClInclude>
    <ClInclude Include="MemDC.h">
      <Filter>Header Files</Filter>
    </ClInclude>
    <ClInclude Include="PropertyPageAdjust.h">
      <Filter>Header Files</Filter>
    </ClInclude>
    <ClInclude Include="PropertyPageTts.h">
      <Filter>Header Files</Filter>
    </ClInclude>
    <ClInclude Include="PropertySheetAdjust.h">
      <Filter>Header Files</Filter>
    </ClInclude>
    <ClInclude Include="PsRenderer.h">
      <Filter>Header Files</Filter>
    </ClInclude>
    <ClInclude Include="Resource.h">
      <Filter>Header Files</Filter>
    </ClInclude>
    <ClInclude Include="Scale.h">
      <Filter>Header Files</Filter>
    </ClInclude>
    <ClInclude Include="SplitterWndEx.h">
      <Filter>Header Files</Filter>
    </ClInclude>
    <ClInclude Include="StaticExtra.h">
      <Filter>Header Files</Filter>
    </ClInclude>
    <ClInclude Include="StdAfx.h">
      <Filter>Header Files</Filter>
    </ClInclude>
    <ClInclude Include="StringEx.h">
      <Filter>Header Files</Filter>
    </ClInclude>
    <ClInclude Include="TextProgressCtrl.h">
      <Filter>Header Files</Filter>
    </ClInclude>
    <ClInclude Include="ToolBarEx.h">
      <Filter>Header Files</Filter>
    </ClInclude>
    <ClInclude Include="Version.h">
      <Filter>Header Files</Filter>
    </ClInclude>
    <ClInclude Include="WatchInThreadBase.h">
      <Filter>Header Files</Filter>
    </ClInclude>
    <ClInclude Include="WatchInThreadExtra.h">
      <Filter>Header Files</Filter>
    </ClInclude>
  </ItemGroup>
  <ItemGroup>
    <Text Include="What%27s new.txt" />
  </ItemGroup>
  <ItemGroup>
    <CustomBuild Include="General32.def">
      <Filter>Source Files</Filter>
    </CustomBuild>
    <CustomBuild Include="General32d.def">
      <Filter>Source Files</Filter>
    </CustomBuild>
  </ItemGroup>
</Project>